
Microsoft Visual Studio Solution File, Format Version 12.00
# Visual Studio 15
VisualStudioVersion = 15.0.28307.1022
MinimumVisualStudioVersion = 10.0.40219.1
Project("{FAE04EC0-301F-11D3-BF4B-00C04F79EFBC}") = "Install", "Install\Install.csproj", "{80C9ACD4-44D3-4812-BF07-221B3D49D5C4}"
EndProject
Global
	GlobalSection(SolutionConfigurationPlatforms) = preSolution
		Debug|Any CPU = Debug|Any CPU
		Release|Any CPU = Release|Any CPU
	EndGlobalSection
	GlobalSection(ProjectConfigurationPlatforms) = postSolution
		{80C9ACD4-44D3-4812-BF07-221B3D49D5C4}.Debug|Any CPU.ActiveCfg = Debug|Any CPU
		{80C9ACD4-44D3-4812-BF07-221B3D49D5C4}.Debug|Any CPU.Build.0 = Debug|Any CPU
		{80C9ACD4-44D3-4812-BF07-221B3D49D5C4}.Release|Any CPU.ActiveCfg = Release|Any CPU
		{80C9ACD4-44D3-4812-BF07-221B3D49D5C4}.Release|Any CPU.Build.0 = Release|Any CPU
	EndGlobalSection
	GlobalSection(SolutionProperties) = preSolution
		HideSolutionNode = FALSE
	EndGlobalSection
	GlobalSection(ExtensibilityGlobals) = postSolution
		SolutionGuid = {6252AC19-C44D-4854-91EB-ACD68E00BD89}
	EndGlobalSection
EndGlobal
